
Microsoft Visual Studio Solution File, Format Version 12.00
# Visual Studio 14
VisualStudioVersion = 14.0.23107.0
MinimumVisualStudioVersion = 10.0.40219.1
Project("{2150E333-8FDC-42A3-9474-1A3956D46DE8}") = "Documentation", "Documentation", "{EC8279D8-91E2-486D-8487-9ED8CA512AF5}"
	ProjectSection(SolutionItems) = preProject
		LICENSE = LICENSE
		README.md = README.md
	EndProjectSection
EndProject
Project("{FAE04EC0-301F-11D3-BF4B-00C04F79EFBC}") = "FileTypes", "FileTypes\FileTypes.csproj", "{6E35CF8A-06FF-4A2C-A763-7BB4EAFFAC1C}"
EndProject
Global
	GlobalSection(SolutionConfigurationPlatforms) = preSolution
		Debug|Any CPU = Debug|Any CPU
		Release|Any CPU = Release|Any CPU
	EndGlobalSection
	GlobalSection(ProjectConfigurationPlatforms) = postSolution
		{6E35CF8A-06FF-4A2C-A763-7BB4EAFFAC1C}.Debug|Any CPU.ActiveCfg = Debug|Any CPU
		{6E35CF8A-06FF-4A2C-A763-7BB4EAFFAC1C}.Debug|Any CPU.Build.0 = Debug|Any CPU
		{6E35CF8A-06FF-4A2C-A763-7BB4EAFFAC1C}.Release|Any CPU.ActiveCfg = Release|Any CPU
		{6E35CF8A-06FF-4A2C-A763-7BB4EAFFAC1C}.Release|Any CPU.Build.0 = Release|Any CPU
	EndGlobalSection
	GlobalSection(SolutionProperties) = preSolution
		HideSolutionNode = FALSE
	EndGlobalSection
EndGlobal
